
Microsoft Visual Studio Solution File, Format Version 12.00
# Visual Studio Version 17
VisualStudioVersion = 17.10.35013.160
MinimumVisualStudioVersion = 10.0.40219.1
Project("{FAE04EC0-301F-11D3-BF4B-00C04F79EFBC}") = "Host_shbat", "Host_shbat.csproj", "{538C8479-0ADE-4036-92DC-9F19E4071AA8}"
EndProject
Global
	GlobalSection(SolutionConfigurationPlatforms) = preSolution
		Debug|Any CPU = Debug|Any CPU
		Release|Any CPU = Release|Any CPU
	EndGlobalSection
	GlobalSection(ProjectConfigurationPlatforms) = postSolution
		{538C8479-0ADE-4036-92DC-9F19E4071AA8}.Debug|Any CPU.ActiveCfg = Debug|Any CPU
		{538C8479-0ADE-4036-92DC-9F19E4071AA8}.Debug|Any CPU.Build.0 = Debug|Any CPU
		{538C8479-0ADE-4036-92DC-9F19E4071AA8}.Release|Any CPU.ActiveCfg = Release|Any CPU
		{538C8479-0ADE-4036-92DC-9F19E4071AA8}.Release|Any CPU.Build.0 = Release|Any CPU
	EndGlobalSection
	GlobalSection(SolutionProperties) = preSolution
		HideSolutionNode = FALSE
	EndGlobalSection
	GlobalSection(ExtensibilityGlobals) = postSolution
		SolutionGuid = {B337C559-8E9A-469B-8712-C712D96DFCF9}
	EndGlobalSection
EndGlobal
