
Microsoft Visual Studio Solution File, Format Version 12.00
# Visual Studio Version 17
VisualStudioVersion = 17.10.35013.160
MinimumVisualStudioVersion = 10.0.40219.1
Project("{FAE04EC0-301F-11D3-BF4B-00C04F79EFBC}") = "TestWeek3", "TestWeek3.csproj", "{B8E0751B-DAF8-42AB-87CF-D13BF200945D}"
EndProject
Global
	GlobalSection(SolutionConfigurationPlatforms) = preSolution
		Debug|Any CPU = Debug|Any CPU
		Release|Any CPU = Release|Any CPU
	EndGlobalSection
	GlobalSection(ProjectConfigurationPlatforms) = postSolution
		{B8E0751B-DAF8-42AB-87CF-D13BF200945D}.Debug|Any CPU.ActiveCfg = Debug|Any CPU
		{B8E0751B-DAF8-42AB-87CF-D13BF200945D}.Debug|Any CPU.Build.0 = Debug|Any CPU
		{B8E0751B-DAF8-42AB-87CF-D13BF200945D}.Release|Any CPU.ActiveCfg = Release|Any CPU
		{B8E0751B-DAF8-42AB-87CF-D13BF200945D}.Release|Any CPU.Build.0 = Release|Any CPU
	EndGlobalSection
	GlobalSection(SolutionProperties) = preSolution
		HideSolutionNode = FALSE
	EndGlobalSection
	GlobalSection(ExtensibilityGlobals) = postSolution
		SolutionGuid = {2A34EEDE-174B-43CC-9CB4-3E5793A45E53}
	EndGlobalSection
EndGlobal
