
Microsoft Visual Studio Solution File, Format Version 12.00
# Visual Studio Version 17
VisualStudioVersion = 17.10.35013.160
MinimumVisualStudioVersion = 10.0.40219.1
Project("{FAE04EC0-301F-11D3-BF4B-00C04F79EFBC}") = "FrindsPro", "FrindsPro.csproj", "{6365E01F-CA49-41BF-B52A-361D0C5FB5A1}"
EndProject
Global
	GlobalSection(SolutionConfigurationPlatforms) = preSolution
		Debug|Any CPU = Debug|Any CPU
		Release|Any CPU = Release|Any CPU
	EndGlobalSection
	GlobalSection(ProjectConfigurationPlatforms) = postSolution
		{6365E01F-CA49-41BF-B52A-361D0C5FB5A1}.Debug|Any CPU.ActiveCfg = Debug|Any CPU
		{6365E01F-CA49-41BF-B52A-361D0C5FB5A1}.Debug|Any CPU.Build.0 = Debug|Any CPU
		{6365E01F-CA49-41BF-B52A-361D0C5FB5A1}.Release|Any CPU.ActiveCfg = Release|Any CPU
		{6365E01F-CA49-41BF-B52A-361D0C5FB5A1}.Release|Any CPU.Build.0 = Release|Any CPU
	EndGlobalSection
	GlobalSection(SolutionProperties) = preSolution
		HideSolutionNode = FALSE
	EndGlobalSection
	GlobalSection(ExtensibilityGlobals) = postSolution
		SolutionGuid = {C781CE79-C240-4205-A631-F272550A29D6}
	EndGlobalSection
EndGlobal
